
Microsoft Visual Studio Solution File, Format Version 12.00
# Visual Studio Version 17
VisualStudioVersion = 17.10.35027.167
MinimumVisualStudioVersion = 10.0.40219.1
Project("{9A19103F-16F7-4668-BE54-9A1E7A4F7556}") = "CryptoAnalysisApp.Console", "CryptoAnalysisApp.Console.csproj", "{38990AAC-163F-457A-9789-A15BEBFCFD6F}"
EndProject
Project("{9A19103F-16F7-4668-BE54-9A1E7A4F7556}") = "CryptoAnalysisApp.ApiClient", "..\CryptoAnalysisApp.ApiClient\CryptoAnalysisApp.ApiClient.csproj", "{2DF0DC98-94EE-4014-88E6-6B86F1F5ACE6}"
EndProject
Project("{9A19103F-16F7-4668-BE54-9A1E7A4F7556}") = "CryptoAnalysisApp.Core", "..\CryptoAnalysisApp.Core\CryptoAnalysisApp.Core.csproj", "{EFA2AFBA-DCFB-4C46-B34E-779949C77402}"
EndProject
Project("{9A19103F-16F7-4668-BE54-9A1E7A4F7556}") = "CryptoAnalysisApp.Indicators", "..\CryptoAnalysisApp.Indicators\CryptoAnalysisApp.Indicators.csproj", "{AD7E1773-6871-426E-BE66-025FAF7C606F}"
EndProject
Project("{9A19103F-16F7-4668-BE54-9A1E7A4F7556}") = "CryptoAnalysisApp.MachineLearning", "..\CryptoAnalysisApp.MachineLearning\CryptoAnalysisApp.MachineLearning.csproj", "{4A63B707-7919-4FD5-A8F6-773B97C6CE77}"
EndProject
Global
	GlobalSection(SolutionConfigurationPlatforms) = preSolution
		Debug|Any CPU = Debug|Any CPU
		Release|Any CPU = Release|Any CPU
	EndGlobalSection
	GlobalSection(ProjectConfigurationPlatforms) = postSolution
		{38990AAC-163F-457A-9789-A15BEBFCFD6F}.Debug|Any CPU.ActiveCfg = Debug|Any CPU
		{38990AAC-163F-457A-9789-A15BEBFCFD6F}.Debug|Any CPU.Build.0 = Debug|Any CPU
		{38990AAC-163F-457A-9789-A15BEBFCFD6F}.Release|Any CPU.ActiveCfg = Release|Any CPU
		{38990AAC-163F-457A-9789-A15BEBFCFD6F}.Release|Any CPU.Build.0 = Release|Any CPU
		{2DF0DC98-94EE-4014-88E6-6B86F1F5ACE6}.Debug|Any CPU.ActiveCfg = Debug|Any CPU
		{2DF0DC98-94EE-4014-88E6-6B86F1F5ACE6}.Debug|Any CPU.Build.0 = Debug|Any CPU
		{2DF0DC98-94EE-4014-88E6-6B86F1F5ACE6}.Release|Any CPU.ActiveCfg = Release|Any CPU
		{2DF0DC98-94EE-4014-88E6-6B86F1F5ACE6}.Release|Any CPU.Build.0 = Release|Any CPU
		{EFA2AFBA-DCFB-4C46-B34E-779949C77402}.Debug|Any CPU.ActiveCfg = Debug|Any CPU
		{EFA2AFBA-DCFB-4C46-B34E-779949C77402}.Debug|Any CPU.Build.0 = Debug|Any CPU
		{EFA2AFBA-DCFB-4C46-B34E-779949C77402}.Release|Any CPU.ActiveCfg = Release|Any CPU
		{EFA2AFBA-DCFB-4C46-B34E-779949C77402}.Release|Any CPU.Build.0 = Release|Any CPU
		{AD7E1773-6871-426E-BE66-025FAF7C606F}.Debug|Any CPU.ActiveCfg = Debug|Any CPU
		{AD7E1773-6871-426E-BE66-025FAF7C606F}.Debug|Any CPU.Build.0 = Debug|Any CPU
		{AD7E1773-6871-426E-BE66-025FAF7C606F}.Release|Any CPU.ActiveCfg = Release|Any CPU
		{AD7E1773-6871-426E-BE66-025FAF7C606F}.Release|Any CPU.Build.0 = Release|Any CPU
		{4A63B707-7919-4FD5-A8F6-773B97C6CE77}.Debug|Any CPU.ActiveCfg = Debug|Any CPU
		{4A63B707-7919-4FD5-A8F6-773B97C6CE77}.Debug|Any CPU.Build.0 = Debug|Any CPU
		{4A63B707-7919-4FD5-A8F6-773B97C6CE77}.Release|Any CPU.ActiveCfg = Release|Any CPU
		{4A63B707-7919-4FD5-A8F6-773B97C6CE77}.Release|Any CPU.Build.0 = Release|Any CPU
	EndGlobalSection
	GlobalSection(SolutionProperties) = preSolution
		HideSolutionNode = FALSE
	EndGlobalSection
	GlobalSection(ExtensibilityGlobals) = postSolution
		SolutionGuid = {11C8D097-49D1-43BB-9F97-72F322F8D6DC}
	EndGlobalSection
EndGlobal
